
Microsoft Visual Studio Solution File, Format Version 12.00
# Visual Studio 14
VisualStudioVersion = 14.0.24720.0
MinimumVisualStudioVersion = 10.0.40219.1
Project("{2150E333-8FDC-42A3-9474-1A3956D46DE8}") = "Services", "Services", "{E493F937-FB21-4FE8-A739-F955A03CE0B8}"
EndProject
Project("{FAE04EC0-301F-11D3-BF4B-00C04F79EFBC}") = "PictureAuction.SOA.Artists", "PictureAuction.SOA.Artists\PictureAuction.SOA.Artists.csproj", "{C59EB670-1C01-46E3-B769-84A8ED46D288}"
EndProject
Project("{FAE04EC0-301F-11D3-BF4B-00C04F79EFBC}") = "PictureAuction.SOA.Pictures", "PictureAuction.SOA.Pictures\PictureAuction.SOA.Pictures.csproj", "{156901B0-2520-454C-A1E2-5124642523D3}"
EndProject
Project("{FAE04EC0-301F-11D3-BF4B-00C04F79EFBC}") = "PictureAuction.SOA.Images", "PictureAuction.SOA.Images\PictureAuction.SOA.Images.csproj", "{A8543F00-9289-4622-B7A1-9A367D7793A6}"
EndProject
Project("{FAE04EC0-301F-11D3-BF4B-00C04F79EFBC}") = "PictureAuction.SOA.Session", "PictureAuction.SOA.Session\PictureAuction.SOA.Session.csproj", "{4ACE0A22-8438-450C-AD24-8A98C3A18439}"
EndProject
Project("{FAE04EC0-301F-11D3-BF4B-00C04F79EFBC}") = "PictureAuction.SOA.Artists.ServiceInterface", "PictureAuction.SOA.Artists.ServiceInterface\PictureAuction.SOA.Artists.ServiceInterface.csproj", "{38919B17-247E-4C24-BC4E-04A01B6A0D8E}"
EndProject
Project("{FAE04EC0-301F-11D3-BF4B-00C04F79EFBC}") = "PictureAuction.SOA.Pictures.ServiceInterface", "PictureAuction.SOA.Pictures.ServiceInterface\PictureAuction.SOA.Pictures.ServiceInterface.csproj", "{CA5C6A43-7455-4B29-8AB9-49E8E9A8DF6F}"
EndProject
Project("{FAE04EC0-301F-11D3-BF4B-00C04F79EFBC}") = "PictureAuction.SOA.Images.ServiceInterface", "PictureAuction.SOA.Images.ServiceInterface\PictureAuction.SOA.Images.ServiceInterface.csproj", "{7136CB5D-2EB3-4F46-BA1C-7A3B911CFA42}"
EndProject
Project("{2150E333-8FDC-42A3-9474-1A3956D46DE8}") = "Artists", "Artists", "{15E752E1-A453-48AF-81A2-DF9459DCB173}"
EndProject
Project("{FAE04EC0-301F-11D3-BF4B-00C04F79EFBC}") = "PictureAuction.SOA.Session.ServiceInterface", "PictureAuction.SOA.Session.ServiceInterface\PictureAuction.SOA.Session.ServiceInterface.csproj", "{F8569564-A13B-49EA-BCD6-AA442423AFF2}"
EndProject
Project("{2150E333-8FDC-42A3-9474-1A3956D46DE8}") = "Images", "Images", "{52C28081-E027-4314-8452-F281FF175226}"
EndProject
Project("{2150E333-8FDC-42A3-9474-1A3956D46DE8}") = "Pictures", "Pictures", "{025F0F6F-ACAA-492F-A9EA-EA9542ABD216}"
EndProject
Project("{2150E333-8FDC-42A3-9474-1A3956D46DE8}") = "Session", "Session", "{A12985EC-A6B0-4E29-9152-F9AC685F86D2}"
EndProject
Project("{FAE04EC0-301F-11D3-BF4B-00C04F79EFBC}") = "PictureAuction.SOA.Session.ServiceModel", "PictureAuction.SOA.Session.ServiceModel\PictureAuction.SOA.Session.ServiceModel.csproj", "{433D4559-4ECF-4694-9B15-C2BC336A7FD5}"
EndProject
Project("{FAE04EC0-301F-11D3-BF4B-00C04F79EFBC}") = "PictureAuction.SOA.Pictures.ServiceModel", "PictureAuction.SOA.Pictures.ServiceModel\PictureAuction.SOA.Pictures.ServiceModel.csproj", "{1DBD5B74-E716-460B-8BE7-DABD1CF260DA}"
EndProject
Project("{FAE04EC0-301F-11D3-BF4B-00C04F79EFBC}") = "PictureAuction.SOA.Images.ServiceModel", "PictureAuction.SOA.Images.ServiceModel\PictureAuction.SOA.Images.ServiceModel.csproj", "{DD62034F-1A70-417C-B826-98CC4E706E9F}"
EndProject
Project("{FAE04EC0-301F-11D3-BF4B-00C04F79EFBC}") = "PictureAuction.SOA.Artists.ServiceModel", "PictureAuction.SOA.Artists.ServiceModel\PictureAuction.SOA.Artists.ServiceModel.csproj", "{7514EB78-9045-4101-8A41-1F98A96A84B1}"
EndProject
Project("{FAE04EC0-301F-11D3-BF4B-00C04F79EFBC}") = "PictureAuction.SOA.Shared.ServiceModel", "PictureAuction.SOA.Shared.ServiceModel\PictureAuction.SOA.Shared.ServiceModel.csproj", "{4B6DCF96-7824-4545-A7F7-FFCC3C979323}"
EndProject
Project("{2150E333-8FDC-42A3-9474-1A3956D46DE8}") = "Shared", "Shared", "{ED8053EB-6490-4009-9169-C1B61A7B3792}"
EndProject
Project("{FAE04EC0-301F-11D3-BF4B-00C04F79EFBC}") = "PictureAuction.SOA.Frontend", "PictureAuction.SOA.Frontend\PictureAuction.SOA.Frontend.csproj", "{F8A5A9AD-F680-46F4-806F-653E7E51A030}"
EndProject
Project("{FAE04EC0-301F-11D3-BF4B-00C04F79EFBC}") = "PictureAuction.SOA.Shared.DTOs", "PictureAuction.SOA.Shared.DTOs\PictureAuction.SOA.Shared.DTOs.csproj", "{1055E488-EDEB-41D8-AB7A-862D09B79B4D}"
EndProject
Global
	GlobalSection(SolutionConfigurationPlatforms) = preSolution
		Debug|Any CPU = Debug|Any CPU
		Release|Any CPU = Release|Any CPU
	EndGlobalSection
	GlobalSection(ProjectConfigurationPlatforms) = postSolution
		{C59EB670-1C01-46E3-B769-84A8ED46D288}.Debug|Any CPU.ActiveCfg = Debug|Any CPU
		{C59EB670-1C01-46E3-B769-84A8ED46D288}.Debug|Any CPU.Build.0 = Debug|Any CPU
		{C59EB670-1C01-46E3-B769-84A8ED46D288}.Release|Any CPU.ActiveCfg = Release|Any CPU
		{C59EB670-1C01-46E3-B769-84A8ED46D288}.Release|Any CPU.Build.0 = Release|Any CPU
		{156901B0-2520-454C-A1E2-5124642523D3}.Debug|Any CPU.ActiveCfg = Debug|Any CPU
		{156901B0-2520-454C-A1E2-5124642523D3}.Debug|Any CPU.Build.0 = Debug|Any CPU
		{156901B0-2520-454C-A1E2-5124642523D3}.Release|Any CPU.ActiveCfg = Release|Any CPU
		{156901B0-2520-454C-A1E2-5124642523D3}.Release|Any CPU.Build.0 = Release|Any CPU
		{A8543F00-9289-4622-B7A1-9A367D7793A6}.Debug|Any CPU.ActiveCfg = Debug|Any CPU
		{A8543F00-9289-4622-B7A1-9A367D7793A6}.Debug|Any CPU.Build.0 = Debug|Any CPU
		{A8543F00-9289-4622-B7A1-9A367D7793A6}.Release|Any CPU.ActiveCfg = Release|Any CPU
		{A8543F00-9289-4622-B7A1-9A367D7793A6}.Release|Any CPU.Build.0 = Release|Any CPU
		{4ACE0A22-8438-450C-AD24-8A98C3A18439}.Debug|Any CPU.ActiveCfg = Debug|Any CPU
		{4ACE0A22-8438-450C-AD24-8A98C3A18439}.Debug|Any CPU.Build.0 = Debug|Any CPU
		{4ACE0A22-8438-450C-AD24-8A98C3A18439}.Release|Any CPU.ActiveCfg = Release|Any CPU
		{4ACE0A22-8438-450C-AD24-8A98C3A18439}.Release|Any CPU.Build.0 = Release|Any CPU
		{38919B17-247E-4C24-BC4E-04A01B6A0D8E}.Debug|Any CPU.ActiveCfg = Debug|Any CPU
		{38919B17-247E-4C24-BC4E-04A01B6A0D8E}.Debug|Any CPU.Build.0 = Debug|Any CPU
		{38919B17-247E-4C24-BC4E-04A01B6A0D8E}.Release|Any CPU.ActiveCfg = Release|Any CPU
		{38919B17-247E-4C24-BC4E-04A01B6A0D8E}.Release|Any CPU.Build.0 = Release|Any CPU
		{CA5C6A43-7455-4B29-8AB9-49E8E9A8DF6F}.Debug|Any CPU.ActiveCfg = Debug|Any CPU
		{CA5C6A43-7455-4B29-8AB9-49E8E9A8DF6F}.Debug|Any CPU.Build.0 = Debug|Any CPU
		{CA5C6A43-7455-4B29-8AB9-49E8E9A8DF6F}.Release|Any CPU.ActiveCfg = Release|Any CPU
		{CA5C6A43-7455-4B29-8AB9-49E8E9A8DF6F}.Release|Any CPU.Build.0 = Release|Any CPU
		{7136CB5D-2EB3-4F46-BA1C-7A3B911CFA42}.Debug|Any CPU.ActiveCfg = Debug|Any CPU
		{7136CB5D-2EB3-4F46-BA1C-7A3B911CFA42}.Debug|Any CPU.Build.0 = Debug|Any CPU
		{7136CB5D-2EB3-4F46-BA1C-7A3B911CFA42}.Release|Any CPU.ActiveCfg = Release|Any CPU
		{7136CB5D-2EB3-4F46-BA1C-7A3B911CFA42}.Release|Any CPU.Build.0 = Release|Any CPU
		{F8569564-A13B-49EA-BCD6-AA442423AFF2}.Debug|Any CPU.ActiveCfg = Debug|Any CPU
		{F8569564-A13B-49EA-BCD6-AA442423AFF2}.Debug|Any CPU.Build.0 = Debug|Any CPU
		{F8569564-A13B-49EA-BCD6-AA442423AFF2}.Release|Any CPU.ActiveCfg = Release|Any CPU
		{F8569564-A13B-49EA-BCD6-AA442423AFF2}.Release|Any CPU.Build.0 = Release|Any CPU
		{433D4559-4ECF-4694-9B15-C2BC336A7FD5}.Debug|Any CPU.ActiveCfg = Debug|Any CPU
		{433D4559-4ECF-4694-9B15-C2BC336A7FD5}.Debug|Any CPU.Build.0 = Debug|Any CPU
		{433D4559-4ECF-4694-9B15-C2BC336A7FD5}.Release|Any CPU.ActiveCfg = Release|Any CPU
		{433D4559-4ECF-4694-9B15-C2BC336A7FD5}.Release|Any CPU.Build.0 = Release|Any CPU
		{1DBD5B74-E716-460B-8BE7-DABD1CF260DA}.Debug|Any CPU.ActiveCfg = Debug|Any CPU
		{1DBD5B74-E716-460B-8BE7-DABD1CF260DA}.Debug|Any CPU.Build.0 = Debug|Any CPU
		{1DBD5B74-E716-460B-8BE7-DABD1CF260DA}.Release|Any CPU.ActiveCfg = Release|Any CPU
		{1DBD5B74-E716-460B-8BE7-DABD1CF260DA}.Release|Any CPU.Build.0 = Release|Any CPU
		{DD62034F-1A70-417C-B826-98CC4E706E9F}.Debug|Any CPU.ActiveCfg = Debug|Any CPU
		{DD62034F-1A70-417C-B826-98CC4E706E9F}.Debug|Any CPU.Build.0 = Debug|Any CPU
		{DD62034F-1A70-417C-B826-98CC4E706E9F}.Release|Any CPU.ActiveCfg = Release|Any CPU
		{DD62034F-1A70-417C-B826-98CC4E706E9F}.Release|Any CPU.Build.0 = Release|Any CPU
		{7514EB78-9045-4101-8A41-1F98A96A84B1}.Debug|Any CPU.ActiveCfg = Debug|Any CPU
		{7514EB78-9045-4101-8A41-1F98A96A84B1}.Debug|Any CPU.Build.0 = Debug|Any CPU
		{7514EB78-9045-4101-8A41-1F98A96A84B1}.Release|Any CPU.ActiveCfg = Release|Any CPU
		{7514EB78-9045-4101-8A41-1F98A96A84B1}.Release|Any CPU.Build.0 = Release|Any CPU
		{4B6DCF96-7824-4545-A7F7-FFCC3C979323}.Debug|Any CPU.ActiveCfg = Debug|Any CPU
		{4B6DCF96-7824-4545-A7F7-FFCC3C979323}.Debug|Any CPU.Build.0 = Debug|Any CPU
		{4B6DCF96-7824-4545-A7F7-FFCC3C979323}.Release|Any CPU.ActiveCfg = Release|Any CPU
		{4B6DCF96-7824-4545-A7F7-FFCC3C979323}.Release|Any CPU.Build.0 = Release|Any CPU
		{F8A5A9AD-F680-46F4-806F-653E7E51A030}.Debug|Any CPU.ActiveCfg = Debug|Any CPU
		{F8A5A9AD-F680-46F4-806F-653E7E51A030}.Debug|Any CPU.Build.0 = Debug|Any CPU
		{F8A5A9AD-F680-46F4-806F-653E7E51A030}.Release|Any CPU.ActiveCfg = Release|Any CPU
		{F8A5A9AD-F680-46F4-806F-653E7E51A030}.Release|Any CPU.Build.0 = Release|Any CPU
		{1055E488-EDEB-41D8-AB7A-862D09B79B4D}.Debug|Any CPU.ActiveCfg = Debug|Any CPU
		{1055E488-EDEB-41D8-AB7A-862D09B79B4D}.Debug|Any CPU.Build.0 = Debug|Any CPU
		{1055E488-EDEB-41D8-AB7A-862D09B79B4D}.Release|Any CPU.ActiveCfg = Release|Any CPU
		{1055E488-EDEB-41D8-AB7A-862D09B79B4D}.Release|Any CPU.Build.0 = Release|Any CPU
	EndGlobalSection
	GlobalSection(SolutionProperties) = preSolution
		HideSolutionNode = FALSE
	EndGlobalSection
	GlobalSection(NestedProjects) = preSolution
		{C59EB670-1C01-46E3-B769-84A8ED46D288} = {15E752E1-A453-48AF-81A2-DF9459DCB173}
		{156901B0-2520-454C-A1E2-5124642523D3} = {025F0F6F-ACAA-492F-A9EA-EA9542ABD216}
		{A8543F00-9289-4622-B7A1-9A367D7793A6} = {52C28081-E027-4314-8452-F281FF175226}
		{4ACE0A22-8438-450C-AD24-8A98C3A18439} = {A12985EC-A6B0-4E29-9152-F9AC685F86D2}
		{38919B17-247E-4C24-BC4E-04A01B6A0D8E} = {15E752E1-A453-48AF-81A2-DF9459DCB173}
		{CA5C6A43-7455-4B29-8AB9-49E8E9A8DF6F} = {025F0F6F-ACAA-492F-A9EA-EA9542ABD216}
		{7136CB5D-2EB3-4F46-BA1C-7A3B911CFA42} = {52C28081-E027-4314-8452-F281FF175226}
		{15E752E1-A453-48AF-81A2-DF9459DCB173} = {E493F937-FB21-4FE8-A739-F955A03CE0B8}
		{F8569564-A13B-49EA-BCD6-AA442423AFF2} = {A12985EC-A6B0-4E29-9152-F9AC685F86D2}
		{52C28081-E027-4314-8452-F281FF175226} = {E493F937-FB21-4FE8-A739-F955A03CE0B8}
		{025F0F6F-ACAA-492F-A9EA-EA9542ABD216} = {E493F937-FB21-4FE8-A739-F955A03CE0B8}
		{A12985EC-A6B0-4E29-9152-F9AC685F86D2} = {E493F937-FB21-4FE8-A739-F955A03CE0B8}
		{433D4559-4ECF-4694-9B15-C2BC336A7FD5} = {A12985EC-A6B0-4E29-9152-F9AC685F86D2}
		{1DBD5B74-E716-460B-8BE7-DABD1CF260DA} = {025F0F6F-ACAA-492F-A9EA-EA9542ABD216}
		{DD62034F-1A70-417C-B826-98CC4E706E9F} = {52C28081-E027-4314-8452-F281FF175226}
		{7514EB78-9045-4101-8A41-1F98A96A84B1} = {15E752E1-A453-48AF-81A2-DF9459DCB173}
		{4B6DCF96-7824-4545-A7F7-FFCC3C979323} = {ED8053EB-6490-4009-9169-C1B61A7B3792}
		{ED8053EB-6490-4009-9169-C1B61A7B3792} = {E493F937-FB21-4FE8-A739-F955A03CE0B8}
		{1055E488-EDEB-41D8-AB7A-862D09B79B4D} = {ED8053EB-6490-4009-9169-C1B61A7B3792}
	EndGlobalSection
EndGlobal
